
Microsoft Visual Studio Solution File, Format Version 12.00
# Visual Studio Version 17
VisualStudioVersion = 17.8.34525.116
MinimumVisualStudioVersion = 10.0.40219.1
Project("{FAE04EC0-301F-11D3-BF4B-00C04F79EFBC}") = "22520101_DinhHuynhGiaBao_Lab03_Bai1", "22520101_DinhHuynhGiaBao_Lab03_Bai1\22520101_DinhHuynhGiaBao_Lab03_Bai1.csproj", "{650684A5-983F-4DC2-808D-D4BFBCF002AB}"
EndProject
Global
	GlobalSection(SolutionConfigurationPlatforms) = preSolution
		Debug|Any CPU = Debug|Any CPU
		Release|Any CPU = Release|Any CPU
	EndGlobalSection
	GlobalSection(ProjectConfigurationPlatforms) = postSolution
		{650684A5-983F-4DC2-808D-D4BFBCF002AB}.Debug|Any CPU.ActiveCfg = Debug|Any CPU
		{650684A5-983F-4DC2-808D-D4BFBCF002AB}.Debug|Any CPU.Build.0 = Debug|Any CPU
		{650684A5-983F-4DC2-808D-D4BFBCF002AB}.Release|Any CPU.ActiveCfg = Release|Any CPU
		{650684A5-983F-4DC2-808D-D4BFBCF002AB}.Release|Any CPU.Build.0 = Release|Any CPU
	EndGlobalSection
	GlobalSection(SolutionProperties) = preSolution
		HideSolutionNode = FALSE
	EndGlobalSection
	GlobalSection(ExtensibilityGlobals) = postSolution
		SolutionGuid = {A1235467-8AA4-47EF-B0AF-136AA047CE6A}
	EndGlobalSection
EndGlobal
